
Microsoft Visual Studio Solution File, Format Version 12.00
# Visual Studio 2013
VisualStudioVersion = 12.0.31101.0
MinimumVisualStudioVersion = 10.0.40219.1
Project("{FAE04EC0-301F-11D3-BF4B-00C04F79EFBC}") = "OnlineTabletop.Server", "OnlineTabletop.Server\OnlineTabletop.Server.csproj", "{3A068E8D-8187-4BA3-B70B-A9456B5BB9A9}"
EndProject
Project("{FAE04EC0-301F-11D3-BF4B-00C04F79EFBC}") = "OnlineTabletop.Models", "OnlineTabletop.Models\OnlineTabletop.Models.csproj", "{6F6B0FAA-3168-4A9D-AB02-A23EE1C0FBF8}"
EndProject
Project("{FAE04EC0-301F-11D3-BF4B-00C04F79EFBC}") = "OnlineTabletop.Mechanics", "OnlineTabletop.Mechanics\OnlineTabletop.Mechanics.csproj", "{212E1E94-C39F-483F-9E5A-D0BE1792F06A}"
EndProject
Project("{FAE04EC0-301F-11D3-BF4B-00C04F79EFBC}") = "OnlineTabletop.Util", "OnlineTabletop.Util\OnlineTabletop.Util.csproj", "{9316A195-AD4B-4270-A675-93A2593DA31D}"
EndProject
Project("{FAE04EC0-301F-11D3-BF4B-00C04F79EFBC}") = "OnlineTabletop.DTOs", "OnlineTabletop.DTOs\OnlineTabletop.DTOs.csproj", "{6440DDC7-6F7B-40D9-8E73-877E739E4AFD}"
EndProject
Project("{FAE04EC0-301F-11D3-BF4B-00C04F79EFBC}") = "OnlineTabletop.Persistence", "OnlineTabletop.Persistence\OnlineTabletop.Persistence.csproj", "{1D4F1B34-352C-44C7-884E-23C21EF59535}"
EndProject
Project("{FAE04EC0-301F-11D3-BF4B-00C04F79EFBC}") = "OnlineTabletop.Mappers", "OnlineTabletop.Mappers\OnlineTabletop.Mappers.csproj", "{7FC7849B-016A-408A-84C9-C41EB4B24DDA}"
EndProject
Project("{FAE04EC0-301F-11D3-BF4B-00C04F79EFBC}") = "OnlineTabletop.Accounts", "OnlineTabletop.Accounts\OnlineTabletop.Accounts.csproj", "{64AE68EF-348F-4FDE-837A-C8ED6977715D}"
EndProject
Project("{FAE04EC0-301F-11D3-BF4B-00C04F79EFBC}") = "OnlineTabletop.SelfHost", "OnlineTabletop.SelfHost\OnlineTabletop.SelfHost.csproj", "{2570EFEB-80E4-4771-89CB-72181DA86AC9}"
EndProject
Global
	GlobalSection(SolutionConfigurationPlatforms) = preSolution
		Debug|Any CPU = Debug|Any CPU
		Release|Any CPU = Release|Any CPU
	EndGlobalSection
	GlobalSection(ProjectConfigurationPlatforms) = postSolution
		{3A068E8D-8187-4BA3-B70B-A9456B5BB9A9}.Debug|Any CPU.ActiveCfg = Debug|Any CPU
		{3A068E8D-8187-4BA3-B70B-A9456B5BB9A9}.Debug|Any CPU.Build.0 = Debug|Any CPU
		{3A068E8D-8187-4BA3-B70B-A9456B5BB9A9}.Release|Any CPU.ActiveCfg = Release|Any CPU
		{3A068E8D-8187-4BA3-B70B-A9456B5BB9A9}.Release|Any CPU.Build.0 = Release|Any CPU
		{6F6B0FAA-3168-4A9D-AB02-A23EE1C0FBF8}.Debug|Any CPU.ActiveCfg = Debug|Any CPU
		{6F6B0FAA-3168-4A9D-AB02-A23EE1C0FBF8}.Debug|Any CPU.Build.0 = Debug|Any CPU
		{6F6B0FAA-3168-4A9D-AB02-A23EE1C0FBF8}.Release|Any CPU.ActiveCfg = Release|Any CPU
		{6F6B0FAA-3168-4A9D-AB02-A23EE1C0FBF8}.Release|Any CPU.Build.0 = Release|Any CPU
		{212E1E94-C39F-483F-9E5A-D0BE1792F06A}.Debug|Any CPU.ActiveCfg = Debug|Any CPU
		{212E1E94-C39F-483F-9E5A-D0BE1792F06A}.Debug|Any CPU.Build.0 = Debug|Any CPU
		{212E1E94-C39F-483F-9E5A-D0BE1792F06A}.Release|Any CPU.ActiveCfg = Release|Any CPU
		{212E1E94-C39F-483F-9E5A-D0BE1792F06A}.Release|Any CPU.Build.0 = Release|Any CPU
		{9316A195-AD4B-4270-A675-93A2593DA31D}.Debug|Any CPU.ActiveCfg = Debug|Any CPU
		{9316A195-AD4B-4270-A675-93A2593DA31D}.Debug|Any CPU.Build.0 = Debug|Any CPU
		{9316A195-AD4B-4270-A675-93A2593DA31D}.Release|Any CPU.ActiveCfg = Release|Any CPU
		{9316A195-AD4B-4270-A675-93A2593DA31D}.Release|Any CPU.Build.0 = Release|Any CPU
		{6440DDC7-6F7B-40D9-8E73-877E739E4AFD}.Debug|Any CPU.ActiveCfg = Debug|Any CPU
		{6440DDC7-6F7B-40D9-8E73-877E739E4AFD}.Debug|Any CPU.Build.0 = Debug|Any CPU
		{6440DDC7-6F7B-40D9-8E73-877E739E4AFD}.Release|Any CPU.ActiveCfg = Release|Any CPU
		{6440DDC7-6F7B-40D9-8E73-877E739E4AFD}.Release|Any CPU.Build.0 = Release|Any CPU
		{1D4F1B34-352C-44C7-884E-23C21EF59535}.Debug|Any CPU.ActiveCfg = Debug|Any CPU
		{1D4F1B34-352C-44C7-884E-23C21EF59535}.Debug|Any CPU.Build.0 = Debug|Any CPU
		{1D4F1B34-352C-44C7-884E-23C21EF59535}.Release|Any CPU.ActiveCfg = Release|Any CPU
		{1D4F1B34-352C-44C7-884E-23C21EF59535}.Release|Any CPU.Build.0 = Release|Any CPU
		{7FC7849B-016A-408A-84C9-C41EB4B24DDA}.Debug|Any CPU.ActiveCfg = Debug|Any CPU
		{7FC7849B-016A-408A-84C9-C41EB4B24DDA}.Debug|Any CPU.Build.0 = Debug|Any CPU
		{7FC7849B-016A-408A-84C9-C41EB4B24DDA}.Release|Any CPU.ActiveCfg = Release|Any CPU
		{7FC7849B-016A-408A-84C9-C41EB4B24DDA}.Release|Any CPU.Build.0 = Release|Any CPU
		{64AE68EF-348F-4FDE-837A-C8ED6977715D}.Debug|Any CPU.ActiveCfg = Debug|Any CPU
		{64AE68EF-348F-4FDE-837A-C8ED6977715D}.Debug|Any CPU.Build.0 = Debug|Any CPU
		{64AE68EF-348F-4FDE-837A-C8ED6977715D}.Release|Any CPU.ActiveCfg = Release|Any CPU
		{64AE68EF-348F-4FDE-837A-C8ED6977715D}.Release|Any CPU.Build.0 = Release|Any CPU
		{2570EFEB-80E4-4771-89CB-72181DA86AC9}.Debug|Any CPU.ActiveCfg = Debug|Any CPU
		{2570EFEB-80E4-4771-89CB-72181DA86AC9}.Debug|Any CPU.Build.0 = Debug|Any CPU
		{2570EFEB-80E4-4771-89CB-72181DA86AC9}.Release|Any CPU.ActiveCfg = Release|Any CPU
		{2570EFEB-80E4-4771-89CB-72181DA86AC9}.Release|Any CPU.Build.0 = Release|Any CPU
	EndGlobalSection
	GlobalSection(SolutionProperties) = preSolution
		HideSolutionNode = FALSE
	EndGlobalSection
EndGlobal
